// !$*UTF8*$!
{
	archiveVersion = 1;
	classes = {
	};
	objectVersion = 56;
	objects = {

/* Begin PBXBuildFile section */
		1E7C2C052941C4F4002E31B7 /* SettingView.swift in Sources */ = {isa = PBXBuildFile; fileRef = 1E7C2C042941C4F4002E31B7 /* SettingView.swift */; };
		1EAEDD41294855B60000E977 /* PolicyUIView.swift in Sources */ = {isa = PBXBuildFile; fileRef = 1EAEDD40294855B60000E977 /* PolicyUIView.swift */; };
		1EAEDD432948562F0000E977 /* About.swift in Sources */ = {isa = PBXBuildFile; fileRef = 1EAEDD422948562F0000E977 /* About.swift */; };
		1EAEDD5F294863D60000E977 /* sign out.swift in Sources */ = {isa = PBXBuildFile; fileRef = 1EAEDD5E294863D60000E977 /* sign out.swift */; };
		5933B62429407E38003A17D2 /* LoginView.swift in Sources */ = {isa = PBXBuildFile; fileRef = 5933B62329407E38003A17D2 /* LoginView.swift */; };
		5933B62629407E59003A17D2 /* RegisterationView.swift in Sources */ = {isa = PBXBuildFile; fileRef = 5933B62529407E59003A17D2 /* RegisterationView.swift */; };
		5953CDB92941D8BC002EEF51 /* CustomInputField.swift in Sources */ = {isa = PBXBuildFile; fileRef = 5953CDB82941D8BC002EEF51 /* CustomInputField.swift */; };
		5953CDBC2941E049002EEF51 /* AuthenticationHeader.swift in Sources */ = {isa = PBXBuildFile; fileRef = 5953CDBB2941E049002EEF51 /* AuthenticationHeader.swift */; };
		59AA09F32949AD2F006387E7 /* OnBoarding.swift in Sources */ = {isa = PBXBuildFile; fileRef = 59AA09F22949AD2F006387E7 /* OnBoarding.swift */; };
		59AA09F52949C984006387E7 /* Habits.swift in Sources */ = {isa = PBXBuildFile; fileRef = 59AA09F42949C984006387E7 /* Habits.swift */; };
		59AFBA83294072E80039898D /* IvyApp.swift in Sources */ = {isa = PBXBuildFile; fileRef = 59AFBA82294072E80039898D /* IvyApp.swift */; };
		59AFBA85294072E80039898D /* ContentView.swift in Sources */ = {isa = PBXBuildFile; fileRef = 59AFBA84294072E80039898D /* ContentView.swift */; };
		59AFBA87294072E90039898D /* Assets.xcassets in Resources */ = {isa = PBXBuildFile; fileRef = 59AFBA86294072E90039898D /* Assets.xcassets */; };
		59AFBA8A294072E90039898D /* Preview Assets.xcassets in Resources */ = {isa = PBXBuildFile; fileRef = 59AFBA89294072E90039898D /* Preview Assets.xcassets */; };
		59AFBA94294072EA0039898D /* IvyTests.swift in Sources */ = {isa = PBXBuildFile; fileRef = 59AFBA93294072EA0039898D /* IvyTests.swift */; };
		59AFBA9E294072EA0039898D /* IvyUITests.swift in Sources */ = {isa = PBXBuildFile; fileRef = 59AFBA9D294072EA0039898D /* IvyUITests.swift */; };
		59AFBAA0294072EA0039898D /* IvyUITestsLaunchTests.swift in Sources */ = {isa = PBXBuildFile; fileRef = 59AFBA9F294072EA0039898D /* IvyUITestsLaunchTests.swift */; };
		AD1190C52940792100688CEB /* FeedView.swift in Sources */ = {isa = PBXBuildFile; fileRef = AD1190C42940792100688CEB /* FeedView.swift */; };
		AD1190CA29407B4400688CEB /* PostFilterViewModel.swift in Sources */ = {isa = PBXBuildFile; fileRef = AD1190C929407B4400688CEB /* PostFilterViewModel.swift */; };
		AD1190CF29407C3500688CEB /* PostsRawView.swift in Sources */ = {isa = PBXBuildFile; fileRef = AD1190CE29407C3500688CEB /* PostsRawView.swift */; };
		AD1190D429407D0300688CEB /* NewPostView.swift in Sources */ = {isa = PBXBuildFile; fileRef = AD1190D329407D0300688CEB /* NewPostView.swift */; };
		AD1190D629407D4800688CEB /* TextArea.swift in Sources */ = {isa = PBXBuildFile; fileRef = AD1190D529407D4800688CEB /* TextArea.swift */; };
		ADB1DFE52941C7F30069F270 /* MainTabView.swift in Sources */ = {isa = PBXBuildFile; fileRef = ADB1DFE42941C7F30069F270 /* MainTabView.swift */; };
		ADB1DFE72941C8560069F270 /* Notification.swift in Sources */ = {isa = PBXBuildFile; fileRef = ADB1DFE62941C8560069F270 /* Notification.swift */; };
		ADB1DFEA2941D3700069F270 /* ImagePicker.swift in Sources */ = {isa = PBXBuildFile; fileRef = ADB1DFE92941D3700069F270 /* ImagePicker.swift */; };
		ADB1E00A2941D8C80069F270 /* UploadAnImage.swift in Sources */ = {isa = PBXBuildFile; fileRef = ADB1E0092941D8C80069F270 /* UploadAnImage.swift */; };
		F5EBC28B2941BE1200E39F5B /* search bar tool.swift in Sources */ = {isa = PBXBuildFile; fileRef = F5EBC28A2941BE1200E39F5B /* search bar tool.swift */; };
		F5EBC28F2941C04600E39F5B /* habit squares .swift in Sources */ = {isa = PBXBuildFile; fileRef = F5EBC28E2941C04600E39F5B /* habit squares .swift */; };
/* End PBXBuildFile section */

/* Begin PBXContainerItemProxy section */
		59AFBA90294072EA0039898D /* PBXContainerItemProxy */ = {
			isa = PBXContainerItemProxy;
			containerPortal = 59AFBA77294072E80039898D /* Project object */;
			proxyType = 1;
			remoteGlobalIDString = 59AFBA7E294072E80039898D;
			remoteInfo = Ivy;
		};
		59AFBA9A294072EA0039898D /* PBXContainerItemProxy */ = {
			isa = PBXContainerItemProxy;
			containerPortal = 59AFBA77294072E80039898D /* Project object */;
			proxyType = 1;
			remoteGlobalIDString = 59AFBA7E294072E80039898D;
			remoteInfo = Ivy;
		};
/* End PBXContainerItemProxy section */

/* Begin PBXFileReference section */
		1E7C2C042941C4F4002E31B7 /* SettingView.swift */ = {isa = PBXFileReference; lastKnownFileType = sourcecode.swift; path = SettingView.swift; sourceTree = "<group>"; };
		1EAEDD40294855B60000E977 /* PolicyUIView.swift */ = {isa = PBXFileReference; lastKnownFileType = sourcecode.swift; path = PolicyUIView.swift; sourceTree = "<group>"; };
		1EAEDD422948562F0000E977 /* About.swift */ = {isa = PBXFileReference; lastKnownFileType = sourcecode.swift; path = About.swift; sourceTree = "<group>"; };
		1EAEDD5E294863D60000E977 /* sign out.swift */ = {isa = PBXFileReference; lastKnownFileType = sourcecode.swift; path = "sign out.swift"; sourceTree = "<group>"; };
		5933B62329407E38003A17D2 /* LoginView.swift */ = {isa = PBXFileReference; lastKnownFileType = sourcecode.swift; path = LoginView.swift; sourceTree = "<group>"; };
		5933B62529407E59003A17D2 /* RegisterationView.swift */ = {isa = PBXFileReference; lastKnownFileType = sourcecode.swift; path = RegisterationView.swift; sourceTree = "<group>"; };
		5953CDB82941D8BC002EEF51 /* CustomInputField.swift */ = {isa = PBXFileReference; lastKnownFileType = sourcecode.swift; path = CustomInputField.swift; sourceTree = "<group>"; };
		5953CDBB2941E049002EEF51 /* AuthenticationHeader.swift */ = {isa = PBXFileReference; lastKnownFileType = sourcecode.swift; path = AuthenticationHeader.swift; sourceTree = "<group>"; };
		59AA09F22949AD2F006387E7 /* OnBoarding.swift */ = {isa = PBXFileReference; lastKnownFileType = sourcecode.swift; path = OnBoarding.swift; sourceTree = "<group>"; };
		59AA09F42949C984006387E7 /* Habits.swift */ = {isa = PBXFileReference; lastKnownFileType = sourcecode.swift; path = Habits.swift; sourceTree = "<group>"; };
		59AFBA7F294072E80039898D /* Ivy.app */ = {isa = PBXFileReference; explicitFileType = wrapper.application; includeInIndex = 0; path = Ivy.app; sourceTree = BUILT_PRODUCTS_DIR; };
		59AFBA82294072E80039898D /* IvyApp.swift */ = {isa = PBXFileReference; lastKnownFileType = sourcecode.swift; path = IvyApp.swift; sourceTree = "<group>"; };
		59AFBA84294072E80039898D /* ContentView.swift */ = {isa = PBXFileReference; lastKnownFileType = sourcecode.swift; path = ContentView.swift; sourceTree = "<group>"; };
		59AFBA86294072E90039898D /* Assets.xcassets */ = {isa = PBXFileReference; lastKnownFileType = folder.assetcatalog; path = Assets.xcassets; sourceTree = "<group>"; };
		59AFBA89294072E90039898D /* Preview Assets.xcassets */ = {isa = PBXFileReference; lastKnownFileType = folder.assetcatalog; path = "Preview Assets.xcassets"; sourceTree = "<group>"; };
		59AFBA8F294072EA0039898D /* IvyTests.xctest */ = {isa = PBXFileReference; explicitFileType = wrapper.cfbundle; includeInIndex = 0; path = IvyTests.xctest; sourceTree = BUILT_PRODUCTS_DIR; };
		59AFBA93294072EA0039898D /* IvyTests.swift */ = {isa = PBXFileReference; lastKnownFileType = sourcecode.swift; path = IvyTests.swift; sourceTree = "<group>"; };
		59AFBA99294072EA0039898D /* IvyUITests.xctest */ = {isa = PBXFileReference; explicitFileType = wrapper.cfbundle; includeInIndex = 0; path = IvyUITests.xctest; sourceTree = BUILT_PRODUCTS_DIR; };
		59AFBA9D294072EA0039898D /* IvyUITests.swift */ = {isa = PBXFileReference; lastKnownFileType = sourcecode.swift; path = IvyUITests.swift; sourceTree = "<group>"; };
		59AFBA9F294072EA0039898D /* IvyUITestsLaunchTests.swift */ = {isa = PBXFileReference; lastKnownFileType = sourcecode.swift; path = IvyUITestsLaunchTests.swift; sourceTree = "<group>"; };
		AD1190C42940792100688CEB /* FeedView.swift */ = {isa = PBXFileReference; lastKnownFileType = sourcecode.swift; path = FeedView.swift; sourceTree = "<group>"; };
		AD1190C929407B4400688CEB /* PostFilterViewModel.swift */ = {isa = PBXFileReference; lastKnownFileType = sourcecode.swift; path = PostFilterViewModel.swift; sourceTree = "<group>"; };
		AD1190CE29407C3500688CEB /* PostsRawView.swift */ = {isa = PBXFileReference; lastKnownFileType = sourcecode.swift; path = PostsRawView.swift; sourceTree = "<group>"; };
		AD1190D329407D0300688CEB /* NewPostView.swift */ = {isa = PBXFileReference; lastKnownFileType = sourcecode.swift; path = NewPostView.swift; sourceTree = "<group>"; };
		AD1190D529407D4800688CEB /* TextArea.swift */ = {isa = PBXFileReference; lastKnownFileType = sourcecode.swift; path = TextArea.swift; sourceTree = "<group>"; };
		ADB1DFE42941C7F30069F270 /* MainTabView.swift */ = {isa = PBXFileReference; lastKnownFileType = sourcecode.swift; path = MainTabView.swift; sourceTree = "<group>"; };
		ADB1DFE62941C8560069F270 /* Notification.swift */ = {isa = PBXFileReference; lastKnownFileType = sourcecode.swift; path = Notification.swift; sourceTree = "<group>"; };
		ADB1DFE92941D3700069F270 /* ImagePicker.swift */ = {isa = PBXFileReference; lastKnownFileType = sourcecode.swift; path = ImagePicker.swift; sourceTree = "<group>"; };
		ADB1E0092941D8C80069F270 /* UploadAnImage.swift */ = {isa = PBXFileReference; lastKnownFileType = sourcecode.swift; path = UploadAnImage.swift; sourceTree = "<group>"; };
		F5EBC28A2941BE1200E39F5B /* search bar tool.swift */ = {isa = PBXFileReference; lastKnownFileType = sourcecode.swift; path = "search bar tool.swift"; sourceTree = "<group>"; };
		F5EBC28E2941C04600E39F5B /* habit squares .swift */ = {isa = PBXFileReference; lastKnownFileType = sourcecode.swift; path = "habit squares .swift"; sourceTree = "<group>"; };
/* End PBXFileReference section */

/* Begin PBXFrameworksBuildPhase section */
		59AFBA7C294072E80039898D /* Frameworks */ = {
			isa = PBXFrameworksBuildPhase;
			buildActionMask = 2147483647;
			files = (
			);
			runOnlyForDeploymentPostprocessing = 0;
		};
		59AFBA8C294072EA0039898D /* Frameworks */ = {
			isa = PBXFrameworksBuildPhase;
			buildActionMask = 2147483647;
			files = (
			);
			runOnlyForDeploymentPostprocessing = 0;
		};
		59AFBA96294072EA0039898D /* Frameworks */ = {
			isa = PBXFrameworksBuildPhase;
			buildActionMask = 2147483647;
			files = (
			);
			runOnlyForDeploymentPostprocessing = 0;
		};
/* End PBXFrameworksBuildPhase section */

/* Begin PBXGroup section */
		1E7C2C032941C4BF002E31B7 /* settings */ = {
			isa = PBXGroup;
			children = (
				1E7C2C042941C4F4002E31B7 /* SettingView.swift */,
				1EAEDD40294855B60000E977 /* PolicyUIView.swift */,
				1EAEDD422948562F0000E977 /* About.swift */,
				1EAEDD5E294863D60000E977 /* sign out.swift */,
			);
			path = settings;
			sourceTree = "<group>";
		};
		5933B62029407DA4003A17D2 /* Authentication */ = {
			isa = PBXGroup;
			children = (
				5933B62129407DD5003A17D2 /* ViewModel */,
				5933B62229407DE2003A17D2 /* Views */,
			);
			path = Authentication;
			sourceTree = "<group>";
		};
		5933B62129407DD5003A17D2 /* ViewModel */ = {
			isa = PBXGroup;
			children = (
			);
			path = ViewModel;
			sourceTree = "<group>";
		};
		5933B62229407DE2003A17D2 /* Views */ = {
			isa = PBXGroup;
			children = (
				5933B62329407E38003A17D2 /* LoginView.swift */,
				5933B62529407E59003A17D2 /* RegisterationView.swift */,
			);
			path = Views;
			sourceTree = "<group>";
		};
		5953CDBA2941E00F002EEF51 /* Authentication */ = {
			isa = PBXGroup;
			children = (
				5953CDBB2941E049002EEF51 /* AuthenticationHeader.swift */,
			);
			path = Authentication;
			sourceTree = "<group>";
		};
		59AFBA76294072E80039898D = {
			isa = PBXGroup;
			children = (
				59AFBA81294072E80039898D /* Ivy */,
				59AFBA92294072EA0039898D /* IvyTests */,
				59AFBA9C294072EA0039898D /* IvyUITests */,
				59AFBA80294072E80039898D /* Products */,
			);
			sourceTree = "<group>";
		};
		59AFBA80294072E80039898D /* Products */ = {
			isa = PBXGroup;
			children = (
				59AFBA7F294072E80039898D /* Ivy.app */,
				59AFBA8F294072EA0039898D /* IvyTests.xctest */,
				59AFBA99294072EA0039898D /* IvyUITests.xctest */,
			);
			name = Products;
			sourceTree = "<group>";
		};
		59AFBA81294072E80039898D /* Ivy */ = {
			isa = PBXGroup;
			children = (
				59AA09F22949AD2F006387E7 /* OnBoarding.swift */,
				1E7C2C032941C4BF002E31B7 /* settings */,
				5933B62029407DA4003A17D2 /* Authentication */,
				59AFBA84294072E80039898D /* ContentView.swift */,
				59AA09F42949C984006387E7 /* Habits.swift */,
				F5EBC28E2941C04600E39F5B /* habit squares .swift */,
				F5EBC28A2941BE1200E39F5B /* search bar tool.swift */,
				AD1190D029407CA700688CEB /* UploadPost */,
				AD1190CC29407C0E00688CEB /* Components */,
				AD1190C629407A8800688CEB /* Feed */,
				ADB1DFE32941C7DE0069F270 /* MainTabView */,
				ADB1DFE62941C8560069F270 /* Notification.swift */,
				59AFBA82294072E80039898D /* IvyApp.swift */,
				59AFBA86294072E90039898D /* Assets.xcassets */,
				59AFBA88294072E90039898D /* Preview Content */,
			);
			path = Ivy;
			sourceTree = "<group>";
		};
		59AFBA88294072E90039898D /* Preview Content */ = {
			isa = PBXGroup;
			children = (
				59AFBA89294072E90039898D /* Preview Assets.xcassets */,
			);
			path = "Preview Content";
			sourceTree = "<group>";
		};
		59AFBA92294072EA0039898D /* IvyTests */ = {
			isa = PBXGroup;
			children = (
				59AFBA93294072EA0039898D /* IvyTests.swift */,
			);
			path = IvyTests;
			sourceTree = "<group>";
		};
		59AFBA9C294072EA0039898D /* IvyUITests */ = {
			isa = PBXGroup;
			children = (
				59AFBA9D294072EA0039898D /* IvyUITests.swift */,
				59AFBA9F294072EA0039898D /* IvyUITestsLaunchTests.swift */,
			);
			path = IvyUITests;
			sourceTree = "<group>";
		};
		AD1190C629407A8800688CEB /* Feed */ = {
			isa = PBXGroup;
			children = (
				AD1190C729407A9C00688CEB /* ViewModels */,
				AD1190C829407AB100688CEB /* View */,
			);
			path = Feed;
			sourceTree = "<group>";
		};
		AD1190C729407A9C00688CEB /* ViewModels */ = {
			isa = PBXGroup;
			children = (
				AD1190C929407B4400688CEB /* PostFilterViewModel.swift */,
			);
			path = ViewModels;
			sourceTree = "<group>";
		};
		AD1190C829407AB100688CEB /* View */ = {
			isa = PBXGroup;
			children = (
				AD1190C42940792100688CEB /* FeedView.swift */,
			);
			path = View;
			sourceTree = "<group>";
		};
		AD1190CC29407C0E00688CEB /* Components */ = {
			isa = PBXGroup;
			children = (
				5953CDBA2941E00F002EEF51 /* Authentication */,
				ADB1DFE82941D3600069F270 /* ImageUploader */,
				AD1190CD29407C2000688CEB /* Posts */,
				AD1190D529407D4800688CEB /* TextArea.swift */,
				5953CDB82941D8BC002EEF51 /* CustomInputField.swift */,
			);
			path = Components;
			sourceTree = "<group>";
		};
		AD1190CD29407C2000688CEB /* Posts */ = {
			isa = PBXGroup;
			children = (
				AD1190CE29407C3500688CEB /* PostsRawView.swift */,
			);
			path = Posts;
			sourceTree = "<group>";
		};
		AD1190D029407CA700688CEB /* UploadPost */ = {
			isa = PBXGroup;
			children = (
				AD1190D229407CDA00688CEB /* ViewModels */,
				AD1190D129407CD300688CEB /* Views */,
			);
			path = UploadPost;
			sourceTree = "<group>";
		};
		AD1190D129407CD300688CEB /* Views */ = {
			isa = PBXGroup;
			children = (
				AD1190D329407D0300688CEB /* NewPostView.swift */,
			);
			path = Views;
			sourceTree = "<group>";
		};
		AD1190D229407CDA00688CEB /* ViewModels */ = {
			isa = PBXGroup;
			children = (
			);
			path = ViewModels;
			sourceTree = "<group>";
		};
		ADB1DFE32941C7DE0069F270 /* MainTabView */ = {
			isa = PBXGroup;
			children = (
				ADB1DFE42941C7F30069F270 /* MainTabView.swift */,
			);
			path = MainTabView;
			sourceTree = "<group>";
		};
		ADB1DFE82941D3600069F270 /* ImageUploader */ = {
			isa = PBXGroup;
			children = (
				ADB1DFE92941D3700069F270 /* ImagePicker.swift */,
				ADB1E0092941D8C80069F270 /* UploadAnImage.swift */,
			);
			path = ImageUploader;
			sourceTree = "<group>";
		};
/* End PBXGroup section */

/* Begin PBXNativeTarget section */
		59AFBA7E294072E80039898D /* Ivy */ = {
			isa = PBXNativeTarget;
			buildConfigurationList = 59AFBAA3294072EA0039898D /* Build configuration list for PBXNativeTarget "Ivy" */;
			buildPhases = (
				59AFBA7B294072E80039898D /* Sources */,
				59AFBA7C294072E80039898D /* Frameworks */,
				59AFBA7D294072E80039898D /* Resources */,
			);
			buildRules = (
			);
			dependencies = (
			);
			name = Ivy;
			productName = Ivy;
			productReference = 59AFBA7F294072E80039898D /* Ivy.app */;
			productType = "com.apple.product-type.application";
		};
		59AFBA8E294072EA0039898D /* IvyTests */ = {
			isa = PBXNativeTarget;
			buildConfigurationList = 59AFBAA6294072EA0039898D /* Build configuration list for PBXNativeTarget "IvyTests" */;
			buildPhases = (
				59AFBA8B294072EA0039898D /* Sources */,
				59AFBA8C294072EA0039898D /* Frameworks */,
				59AFBA8D294072EA0039898D /* Resources */,
			);
			buildRules = (
			);
			dependencies = (
				59AFBA91294072EA0039898D /* PBXTargetDependency */,
			);
			name = IvyTests;
			productName = IvyTests;
			productReference = 59AFBA8F294072EA0039898D /* IvyTests.xctest */;
			productType = "com.apple.product-type.bundle.unit-test";
		};
		59AFBA98294072EA0039898D /* IvyUITests */ = {
			isa = PBXNativeTarget;
			buildConfigurationList = 59AFBAA9294072EA0039898D /* Build configuration list for PBXNativeTarget "IvyUITests" */;
			buildPhases = (
				59AFBA95294072EA0039898D /* Sources */,
				59AFBA96294072EA0039898D /* Frameworks */,
				59AFBA97294072EA0039898D /* Resources */,
			);
			buildRules = (
			);
			dependencies = (
				59AFBA9B294072EA0039898D /* PBXTargetDependency */,
			);
			name = IvyUITests;
			productName = IvyUITests;
			productReference = 59AFBA99294072EA0039898D /* IvyUITests.xctest */;
			productType = "com.apple.product-type.bundle.ui-testing";
		};
/* End PBXNativeTarget section */

/* Begin PBXProject section */
		59AFBA77294072E80039898D /* Project object */ = {
			isa = PBXProject;
			attributes = {
				BuildIndependentTargetsInParallel = 1;
				LastSwiftUpdateCheck = 1410;
				LastUpgradeCheck = 1410;
				TargetAttributes = {
					59AFBA7E294072E80039898D = {
						CreatedOnToolsVersion = 14.1;
					};
					59AFBA8E294072EA0039898D = {
						CreatedOnToolsVersion = 14.1;
						TestTargetID = 59AFBA7E294072E80039898D;
					};
					59AFBA98294072EA0039898D = {
						CreatedOnToolsVersion = 14.1;
						TestTargetID = 59AFBA7E294072E80039898D;
					};
				};
			};
			buildConfigurationList = 59AFBA7A294072E80039898D /* Build configuration list for PBXProject "Ivy" */;
			compatibilityVersion = "Xcode 14.0";
			developmentRegion = en;
			hasScannedForEncodings = 0;
			knownRegions = (
				en,
				Base,
			);
			mainGroup = 59AFBA76294072E80039898D;
			productRefGroup = 59AFBA80294072E80039898D /* Products */;
			projectDirPath = "";
			projectRoot = "";
			targets = (
				59AFBA7E294072E80039898D /* Ivy */,
				59AFBA8E294072EA0039898D /* IvyTests */,
				59AFBA98294072EA0039898D /* IvyUITests */,
			);
		};
/* End PBXProject section */

/* Begin PBXResourcesBuildPhase section */
		59AFBA7D294072E80039898D /* Resources */ = {
			isa = PBXResourcesBuildPhase;
			buildActionMask = 2147483647;
			files = (
				59AFBA8A294072E90039898D /* Preview Assets.xcassets in Resources */,
				59AFBA87294072E90039898D /* Assets.xcassets in Resources */,
			);
			runOnlyForDeploymentPostprocessing = 0;
		};
		59AFBA8D294072EA0039898D /* Resources */ = {
			isa = PBXResourcesBuildPhase;
			buildActionMask = 2147483647;
			files = (
			);
			runOnlyForDeploymentPostprocessing = 0;
		};
		59AFBA97294072EA0039898D /* Resources */ = {
			isa = PBXResourcesBuildPhase;
			buildActionMask = 2147483647;
			files = (
			);
			runOnlyForDeploymentPostprocessing = 0;
		};
/* End PBXResourcesBuildPhase section */

/* Begin PBXSourcesBuildPhase section */
		59AFBA7B294072E80039898D /* Sources */ = {
			isa = PBXSourcesBuildPhase;
			buildActionMask = 2147483647;
			files = (
				5953CDB92941D8BC002EEF51 /* CustomInputField.swift in Sources */,
				AD1190CA29407B4400688CEB /* PostFilterViewModel.swift in Sources */,
				1E7C2C052941C4F4002E31B7 /* SettingView.swift in Sources */,
				1EAEDD5F294863D60000E977 /* sign out.swift in Sources */,
				ADB1DFEA2941D3700069F270 /* ImagePicker.swift in Sources */,
				AD1190D629407D4800688CEB /* TextArea.swift in Sources */,
				59AFBA85294072E80039898D /* ContentView.swift in Sources */,
				ADB1E00A2941D8C80069F270 /* UploadAnImage.swift in Sources */,
				AD1190C52940792100688CEB /* FeedView.swift in Sources */,
				5953CDBC2941E049002EEF51 /* AuthenticationHeader.swift in Sources */,
				59AA09F32949AD2F006387E7 /* OnBoarding.swift in Sources */,
				1EAEDD432948562F0000E977 /* About.swift in Sources */,
				5933B62429407E38003A17D2 /* LoginView.swift in Sources */,
				AD1190D429407D0300688CEB /* NewPostView.swift in Sources */,
				ADB1DFE52941C7F30069F270 /* MainTabView.swift in Sources */,
				59AFBA83294072E80039898D /* IvyApp.swift in Sources */,
				59AA09F52949C984006387E7 /* Habits.swift in Sources */,
				F5EBC28F2941C04600E39F5B /* habit squares .swift in Sources */,
				ADB1DFE72941C8560069F270 /* Notification.swift in Sources */,
				1EAEDD41294855B60000E977 /* PolicyUIView.swift in Sources */,
				5933B62629407E59003A17D2 /* RegisterationView.swift in Sources */,
				AD1190CF29407C3500688CEB /* PostsRawView.swift in Sources */,
				F5EBC28B2941BE1200E39F5B /* search bar tool.swift in Sources */,
			);
			runOnlyForDeploymentPostprocessing = 0;
		};
		59AFBA8B294072EA0039898D /* Sources */ = {
			isa = PBXSourcesBuildPhase;
			buildActionMask = 2147483647;
			files = (
				59AFBA94294072EA0039898D /* IvyTests.swift in Sources */,
			);
			runOnlyForDeploymentPostprocessing = 0;
		};
		59AFBA95294072EA0039898D /* Sources */ = {
			isa = PBXSourcesBuildPhase;
			buildActionMask = 2147483647;
			files = (
				59AFBA9E294072EA0039898D /* IvyUITests.swift in Sources */,
				59AFBAA0294072EA0039898D /* IvyUITestsLaunchTests.swift in Sources */,
			);
			runOnlyForDeploymentPostprocessing = 0;
		};
/* End PBXSourcesBuildPhase section */

/* Begin PBXTargetDependency section */
		59AFBA91294072EA0039898D /* PBXTargetDependency */ = {
			isa = PBXTargetDependency;
			target = 59AFBA7E294072E80039898D /* Ivy */;
			targetProxy = 59AFBA90294072EA0039898D /* PBXContainerItemProxy */;
		};
		59AFBA9B294072EA0039898D /* PBXTargetDependency */ = {
			isa = PBXTargetDependency;
			target = 59AFBA7E294072E80039898D /* Ivy */;
			targetProxy = 59AFBA9A294072EA0039898D /* PBXContainerItemProxy */;
		};
/* End PBXTargetDependency section */

/* Begin XCBuildConfiguration section */
		59AFBAA1294072EA0039898D /* Debug */ = {
			isa = XCBuildConfiguration;
			buildSettings = {
				ALWAYS_SEARCH_USER_PATHS = NO;
				CLANG_ANALYZER_NONNULL = YES;
				CLANG_ANALYZER_NUMBER_OBJECT_CONVERSION = YES_AGGRESSIVE;
				CLANG_CXX_LANGUAGE_STANDARD = "gnu++20";
				CLANG_ENABLE_MODULES = YES;
				CLANG_ENABLE_OBJC_ARC = YES;
				CLANG_ENABLE_OBJC_WEAK = YES;
				CLANG_WARN_BLOCK_CAPTURE_AUTORELEASING = YES;
				CLANG_WARN_BOOL_CONVERSION = YES;
				CLANG_WARN_COMMA = YES;
				CLANG_WARN_CONSTANT_CONVERSION = YES;
				CLANG_WARN_DEPRECATED_OBJC_IMPLEMENTATIONS = YES;
				CLANG_WARN_DIRECT_OBJC_ISA_USAGE = YES_ERROR;
				CLANG_WARN_DOCUMENTATION_COMMENTS = YES;
				CLANG_WARN_EMPTY_BODY = YES;
				CLANG_WARN_ENUM_CONVERSION = YES;
				CLANG_WARN_INFINITE_RECURSION = YES;
				CLANG_WARN_INT_CONVERSION = YES;
				CLANG_WARN_NON_LITERAL_NULL_CONVERSION = YES;
				CLANG_WARN_OBJC_IMPLICIT_RETAIN_SELF = YES;
				CLANG_WARN_OBJC_LITERAL_CONVERSION = YES;
				CLANG_WARN_OBJC_ROOT_CLASS = YES_ERROR;
				CLANG_WARN_QUOTED_INCLUDE_IN_FRAMEWORK_HEADER = YES;
				CLANG_WARN_RANGE_LOOP_ANALYSIS = YES;
				CLANG_WARN_STRICT_PROTOTYPES = YES;
				CLANG_WARN_SUSPICIOUS_MOVE = YES;
				CLANG_WARN_UNGUARDED_AVAILABILITY = YES_AGGRESSIVE;
				CLANG_WARN_UNREACHABLE_CODE = YES;
				CLANG_WARN__DUPLICATE_METHOD_MATCH = YES;
				COPY_PHASE_STRIP = NO;
				DEBUG_INFORMATION_FORMAT = dwarf;
				ENABLE_STRICT_OBJC_MSGSEND = YES;
				ENABLE_TESTABILITY = YES;
				GCC_C_LANGUAGE_STANDARD = gnu11;
				GCC_DYNAMIC_NO_PIC = NO;
				GCC_NO_COMMON_BLOCKS = YES;
				GCC_OPTIMIZATION_LEVEL = 0;
				GCC_PREPROCESSOR_DEFINITIONS = (
					"DEBUG=1",
					"$(inherited)",
				);
				GCC_WARN_64_TO_32_BIT_CONVERSION = YES;
				GCC_WARN_ABOUT_RETURN_TYPE = YES_ERROR;
				GCC_WARN_UNDECLARED_SELECTOR = YES;
				GCC_WARN_UNINITIALIZED_AUTOS = YES_AGGRESSIVE;
				GCC_WARN_UNUSED_FUNCTION = YES;
				GCC_WARN_UNUSED_VARIABLE = YES;
				IPHONEOS_DEPLOYMENT_TARGET = 16.1;
				MTL_ENABLE_DEBUG_INFO = INCLUDE_SOURCE;
				MTL_FAST_MATH = YES;
				ONLY_ACTIVE_ARCH = YES;
				SDKROOT = iphoneos;
				SWIFT_ACTIVE_COMPILATION_CONDITIONS = DEBUG;
				SWIFT_OPTIMIZATION_LEVEL = "-Onone";
			};
			name = Debug;
		};
		59AFBAA2294072EA0039898D /* Release */ = {
			isa = XCBuildConfiguration;
			buildSettings = {
				ALWAYS_SEARCH_USER_PATHS = NO;
				CLANG_ANALYZER_NONNULL = YES;
				CLANG_ANALYZER_NUMBER_OBJECT_CONVERSION = YES_AGGRESSIVE;
				CLANG_CXX_LANGUAGE_STANDARD = "gnu++20";
				CLANG_ENABLE_MODULES = YES;
				CLANG_ENABLE_OBJC_ARC = YES;
				CLANG_ENABLE_OBJC_WEAK = YES;
				CLANG_WARN_BLOCK_CAPTURE_AUTORELEASING = YES;
				CLANG_WARN_BOOL_CONVERSION = YES;
				CLANG_WARN_COMMA = YES;
				CLANG_WARN_CONSTANT_CONVERSION = YES;
				CLANG_WARN_DEPRECATED_OBJC_IMPLEMENTATIONS = YES;
				CLANG_WARN_DIRECT_OBJC_ISA_USAGE = YES_ERROR;
				CLANG_WARN_DOCUMENTATION_COMMENTS = YES;
				CLANG_WARN_EMPTY_BODY = YES;
				CLANG_WARN_ENUM_CONVERSION = YES;
				CLANG_WARN_INFINITE_RECURSION = YES;
				CLANG_WARN_INT_CONVERSION = YES;
				CLANG_WARN_NON_LITERAL_NULL_CONVERSION = YES;
				CLANG_WARN_OBJC_IMPLICIT_RETAIN_SELF = YES;
				CLANG_WARN_OBJC_LITERAL_CONVERSION = YES;
				CLANG_WARN_OBJC_ROOT_CLASS = YES_ERROR;
				CLANG_WARN_QUOTED_INCLUDE_IN_FRAMEWORK_HEADER = YES;
				CLANG_WARN_RANGE_LOOP_ANALYSIS = YES;
				CLANG_WARN_STRICT_PROTOTYPES = YES;
				CLANG_WARN_SUSPICIOUS_MOVE = YES;
				CLANG_WARN_UNGUARDED_AVAILABILITY = YES_AGGRESSIVE;
				CLANG_WARN_UNREACHABLE_CODE = YES;
				CLANG_WARN__DUPLICATE_METHOD_MATCH = YES;
				COPY_PHASE_STRIP = NO;
				DEBUG_INFORMATION_FORMAT = "dwarf-with-dsym";
				ENABLE_NS_ASSERTIONS = NO;
				ENABLE_STRICT_OBJC_MSGSEND = YES;
				GCC_C_LANGUAGE_STANDARD = gnu11;
				GCC_NO_COMMON_BLOCKS = YES;
				GCC_WARN_64_TO_32_BIT_CONVERSION = YES;
				GCC_WARN_ABOUT_RETURN_TYPE = YES_ERROR;
				GCC_WARN_UNDECLARED_SELECTOR = YES;
				GCC_WARN_UNINITIALIZED_AUTOS = YES_AGGRESSIVE;
				GCC_WARN_UNUSED_FUNCTION = YES;
				GCC_WARN_UNUSED_VARIABLE = YES;
				IPHONEOS_DEPLOYMENT_TARGET = 16.1;
				MTL_ENABLE_DEBUG_INFO = NO;
				MTL_FAST_MATH = YES;
				SDKROOT = iphoneos;
				SWIFT_COMPILATION_MODE = wholemodule;
				SWIFT_OPTIMIZATION_LEVEL = "-O";
				VALIDATE_PRODUCT = YES;
			};
			name = Release;
		};
		59AFBAA4294072EA0039898D /* Debug */ = {
			isa = XCBuildConfiguration;
			buildSettings = {
				ASSETCATALOG_COMPILER_APPICON_NAME = AppIcon;
				ASSETCATALOG_COMPILER_GLOBAL_ACCENT_COLOR_NAME = AccentColor;
				CODE_SIGN_STYLE = Automatic;
				CURRENT_PROJECT_VERSION = 1;
				DEVELOPMENT_ASSET_PATHS = "\"Ivy/Preview Content\"";
				ENABLE_PREVIEWS = YES;
				GENERATE_INFOPLIST_FILE = YES;
				INFOPLIST_KEY_UIApplicationSceneManifest_Generation = YES;
				INFOPLIST_KEY_UIApplicationSupportsIndirectInputEvents = YES;
				INFOPLIST_KEY_UILaunchScreen_Generation = YES;
				INFOPLIST_KEY_UISupportedInterfaceOrientations_iPad = "UIInterfaceOrientationPortrait UIInterfaceOrientationPortraitUpsideDown UIInterfaceOrientationLandscapeLeft UIInterfaceOrientationLandscapeRight";
				INFOPLIST_KEY_UISupportedInterfaceOrientations_iPhone = "UIInterfaceOrientationPortrait UIInterfaceOrientationLandscapeLeft UIInterfaceOrientationLandscapeRight";
				LD_RUNPATH_SEARCH_PATHS = (
					"$(inherited)",
					"@executable_path/Frameworks",
				);
				MARKETING_VERSION = 1.0;
				PRODUCT_BUNDLE_IDENTIFIER = com.example.Ivy;
				PRODUCT_NAME = "$(TARGET_NAME)";
				SWIFT_EMIT_LOC_STRINGS = YES;
				SWIFT_VERSION = 5.0;
				TARGETED_DEVICE_FAMILY = "1,2";
			};
			name = Debug;
		};
		59AFBAA5294072EA0039898D /* Release */ = {
			isa = XCBuildConfiguration;
			buildSettings = {
				ASSETCATALOG_COMPILER_APPICON_NAME = AppIcon;
				ASSETCATALOG_COMPILER_GLOBAL_ACCENT_COLOR_NAME = AccentColor;
				CODE_SIGN_STYLE = Automatic;
				CURRENT_PROJECT_VERSION = 1;
				DEVELOPMENT_ASSET_PATHS = "\"Ivy/Preview Content\"";
				ENABLE_PREVIEWS = YES;
				GENERATE_INFOPLIST_FILE = YES;
				INFOPLIST_KEY_UIApplicationSceneManifest_Generation = YES;
				INFOPLIST_KEY_UIApplicationSupportsIndirectInputEvents = YES;
				INFOPLIST_KEY_UILaunchScreen_Generation = YES;
				INFOPLIST_KEY_UISupportedInterfaceOrientations_iPad = "UIInterfaceOrientationPortrait UIInterfaceOrientationPortraitUpsideDown UIInterfaceOrientationLandscapeLeft UIInterfaceOrientationLandscapeRight";
				INFOPLIST_KEY_UISupportedInterfaceOrientations_iPhone = "UIInterfaceOrientationPortrait UIInterfaceOrientationLandscapeLeft UIInterfaceOrientationLandscapeRight";
				LD_RUNPATH_SEARCH_PATHS = (
					"$(inherited)",
					"@executable_path/Frameworks",
				);
				MARKETING_VERSION = 1.0;
				PRODUCT_BUNDLE_IDENTIFIER = com.example.Ivy;
				PRODUCT_NAME = "$(TARGET_NAME)";
				SWIFT_EMIT_LOC_STRINGS = YES;
				SWIFT_VERSION = 5.0;
				TARGETED_DEVICE_FAMILY = "1,2";
			};
			name = Release;
		};
		59AFBAA7294072EA0039898D /* Debug */ = {
			isa = XCBuildConfiguration;
			buildSettings = {
				ALWAYS_EMBED_SWIFT_STANDARD_LIBRARIES = YES;
				BUNDLE_LOADER = "$(TEST_HOST)";
				CODE_SIGN_STYLE = Automatic;
				CURRENT_PROJECT_VERSION = 1;
				GENERATE_INFOPLIST_FILE = YES;
				IPHONEOS_DEPLOYMENT_TARGET = 16.1;
				MARKETING_VERSION = 1.0;
				PRODUCT_BUNDLE_IDENTIFIER = com.example.IvyTests;
				PRODUCT_NAME = "$(TARGET_NAME)";
				SWIFT_EMIT_LOC_STRINGS = NO;
				SWIFT_VERSION = 5.0;
				TARGETED_DEVICE_FAMILY = "1,2";
				TEST_HOST = "$(BUILT_PRODUCTS_DIR)/Ivy.app/$(BUNDLE_EXECUTABLE_FOLDER_PATH)/Ivy";
			};
			name = Debug;
		};
		59AFBAA8294072EA0039898D /* Release */ = {
			isa = XCBuildConfiguration;
			buildSettings = {
				ALWAYS_EMBED_SWIFT_STANDARD_LIBRARIES = YES;
				BUNDLE_LOADER = "$(TEST_HOST)";
				CODE_SIGN_STYLE = Automatic;
				CURRENT_PROJECT_VERSION = 1;
				GENERATE_INFOPLIST_FILE = YES;
				IPHONEOS_DEPLOYMENT_TARGET = 16.1;
				MARKETING_VERSION = 1.0;
				PRODUCT_BUNDLE_IDENTIFIER = com.example.IvyTests;
				PRODUCT_NAME = "$(TARGET_NAME)";
				SWIFT_EMIT_LOC_STRINGS = NO;
				SWIFT_VERSION = 5.0;
				TARGETED_DEVICE_FAMILY = "1,2";
				TEST_HOST = "$(BUILT_PRODUCTS_DIR)/Ivy.app/$(BUNDLE_EXECUTABLE_FOLDER_PATH)/Ivy";
			};
			name = Release;
		};
		59AFBAAA294072EA0039898D /* Debug */ = {
			isa = XCBuildConfiguration;
			buildSettings = {
				ALWAYS_EMBED_SWIFT_STANDARD_LIBRARIES = YES;
				CODE_SIGN_STYLE = Automatic;
				CURRENT_PROJECT_VERSION = 1;
				GENERATE_INFOPLIST_FILE = YES;
				MARKETING_VERSION = 1.0;
				PRODUCT_BUNDLE_IDENTIFIER = com.example.IvyUITests;
				PRODUCT_NAME = "$(TARGET_NAME)";
				SWIFT_EMIT_LOC_STRINGS = NO;
				SWIFT_VERSION = 5.0;
				TARGETED_DEVICE_FAMILY = "1,2";
				TEST_TARGET_NAME = Ivy;
			};
			name = Debug;
		};
		59AFBAAB294072EA0039898D /* Release */ = {
			isa = XCBuildConfiguration;
			buildSettings = {
				ALWAYS_EMBED_SWIFT_STANDARD_LIBRARIES = YES;
				CODE_SIGN_STYLE = Automatic;
				CURRENT_PROJECT_VERSION = 1;
				GENERATE_INFOPLIST_FILE = YES;
				MARKETING_VERSION = 1.0;
				PRODUCT_BUNDLE_IDENTIFIER = com.example.IvyUITests;
				PRODUCT_NAME = "$(TARGET_NAME)";
				SWIFT_EMIT_LOC_STRINGS = NO;
				SWIFT_VERSION = 5.0;
				TARGETED_DEVICE_FAMILY = "1,2";
				TEST_TARGET_NAME = Ivy;
			};
			name = Release;
		};
/* End XCBuildConfiguration section */

/* Begin XCConfigurationList section */
		59AFBA7A294072E80039898D /* Build configuration list for PBXProject "Ivy" */ = {
			isa = XCConfigurationList;
			buildConfigurations = (
				59AFBAA1294072EA0039898D /* Debug */,
				59AFBAA2294072EA0039898D /* Release */,
			);
			defaultConfigurationIsVisible = 0;
			defaultConfigurationName = Release;
		};
		59AFBAA3294072EA0039898D /* Build configuration list for PBXNativeTarget "Ivy" */ = {
			isa = XCConfigurationList;
			buildConfigurations = (
				59AFBAA4294072EA0039898D /* Debug */,
				59AFBAA5294072EA0039898D /* Release */,
			);
			defaultConfigurationIsVisible = 0;
			defaultConfigurationName = Release;
		};
		59AFBAA6294072EA0039898D /* Build configuration list for PBXNativeTarget "IvyTests" */ = {
			isa = XCConfigurationList;
			buildConfigurations = (
				59AFBAA7294072EA0039898D /* Debug */,
				59AFBAA8294072EA0039898D /* Release */,
			);
			defaultConfigurationIsVisible = 0;
			defaultConfigurationName = Release;
		};
		59AFBAA9294072EA0039898D /* Build configuration list for PBXNativeTarget "IvyUITests" */ = {
			isa = XCConfigurationList;
			buildConfigurations = (
				59AFBAAA294072EA0039898D /* Debug */,
				59AFBAAB294072EA0039898D /* Release */,
			);
			defaultConfigurationIsVisible = 0;
			defaultConfigurationName = Release;
		};
/* End XCConfigurationList section */
	};
	rootObject = 59AFBA77294072E80039898D /* Project object */;
}
